{
    "name": "sandboxedfunction",
    "version": "0.0.0",
    "lockfileVersion": 3,
    "requires": true,
    "packages": {
        "": {
            "name": "sandboxedfunction",
            "version": "0.0.0",
            "license": "MIT",
            "dependencies": {
                "datetime_global": "^0.4.0",
                "temporal-polyfill": "^0.3.0"
            }
        },
        "node_modules/@js-temporal/polyfill": {
            "version": "0.5.1",
            "resolved": "https://registry.npmjs.org/@js-temporal/polyfill/-/polyfill-0.5.1.tgz",
            "integrity": "sha512-hloP58zRVCRSpgDxmqCWJNlizAlUgJFqG2ypq79DCvyv9tHjRYMDOcPFjzfl/A1/YxDvRCZz8wvZvmapQnKwFQ==",
            "license": "ISC",
            "dependencies": {
                "jsbi": "^4.3.0"
            },
            "engines": {
                "node": ">=12"
            }
        },
        "node_modules/datetime_global": {
            "version": "0.4.0",
            "resolved": "https://registry.npmjs.org/datetime_global/-/datetime_global-0.4.0.tgz",
            "integrity": "sha512-wrV9o38CoEsJ9zM7AwT1mznaG/vJsH5bnC+nwJK8BdgVxSAB2bQJUXz8ojnQ/H8ldmcOYAVONPCCCcUD/5Sk3g==",
            "license": "MIT",
            "dependencies": {
                "@js-temporal/polyfill": "^0.5.1",
                "temporal-polyfill": "^0.3.0"
            }
        },
        "node_modules/jsbi": {
            "version": "4.3.2",
            "resolved": "https://registry.npmjs.org/jsbi/-/jsbi-4.3.2.tgz",
            "integrity": "sha512-9fqMSQbhJykSeii05nxKl4m6Eqn2P6rOlYiS+C5Dr/HPIU/7yZxu5qzbs40tgaFORiw2Amd0mirjxatXYMkIew==",
            "license": "Apache-2.0"
        },
        "node_modules/temporal-polyfill": {
            "version": "0.3.0",
            "resolved": "https://registry.npmjs.org/temporal-polyfill/-/temporal-polyfill-0.3.0.tgz",
            "integrity": "sha512-qNsTkX9K8hi+FHDfHmf22e/OGuXmfBm9RqNismxBrnSmZVJKegQ+HYYXT+R7Ha8F/YSm2Y34vmzD4cxMu2u95g==",
            "license": "MIT",
            "dependencies": {
                "temporal-spec": "0.3.0"
            }
        },
        "node_modules/temporal-spec": {
            "version": "0.3.0",
            "resolved": "https://registry.npmjs.org/temporal-spec/-/temporal-spec-0.3.0.tgz",
            "integrity": "sha512-n+noVpIqz4hYgFSMOSiINNOUOMFtV5cZQNCmmszA6GiVFVRt3G7AqVyhXjhCSmowvQn+NsGn+jMDMKJYHd3bSQ==",
            "license": "ISC"
        }
    }
}
